Microsoft Visual Studio Solution File, Format Version 10.00
# Visual Studio 2008

Project("{665C69BB-4971-E5C3-FDE3-F50CE554C5DF}") = "bitverse-unity-gui", "bitverse-unity-gui.csproj", "{5D5CCBED-46A6-AF5C-37DF-8D0BACD21251}"
EndProject
Global
	GlobalSection(SolutionConfigurationPlatforms) = preSolution
		Debug|Any CPU = Debug|Any CPU
		Release|Any CPU = Release|Any CPU
	EndGlobalSection
	GlobalSection(ProjectConfigurationPlatforms) = postSolution
		{5D5CCBED-46A6-AF5C-37DF-8D0BACD21251}.Debug|Any CPU.ActiveCfg = Debug|Any CPU
		{5D5CCBED-46A6-AF5C-37DF-8D0BACD21251}.Debug|Any CPU.Build.0 = Debug|Any CPU
		{5D5CCBED-46A6-AF5C-37DF-8D0BACD21251}.Release|Any CPU.ActiveCfg = Release|Any CPU
		{5D5CCBED-46A6-AF5C-37DF-8D0BACD21251}.Release|Any CPU.Build.0 = Release|Any CPU
	EndGlobalSection
	GlobalSection(SolutionProperties) = preSolution
		HideSolutionNode = FALSE
	EndGlobalSection
EndGlobal
