Microsoft Visual Studio Solution File, Format Version 10.00
# Visual Studio 2008

Project("{665C69BB-4971-E5C3-FDE3-F50CE554C5DF}") = "bitverse-unity-gui", "Assembly-CSharp.csproj", "{3D75FDB5-F717-5350-1E0B-86848D3C5E68}"
EndProject
Global
	GlobalSection(SolutionConfigurationPlatforms) = preSolution
		Debug|Any CPU = Debug|Any CPU
		Release|Any CPU = Release|Any CPU
	EndGlobalSection
	GlobalSection(ProjectConfigurationPlatforms) = postSolution
		{3D75FDB5-F717-5350-1E0B-86848D3C5E68}.Debug|Any CPU.ActiveCfg = Debug|Any CPU
		{3D75FDB5-F717-5350-1E0B-86848D3C5E68}.Debug|Any CPU.Build.0 = Debug|Any CPU
		{3D75FDB5-F717-5350-1E0B-86848D3C5E68}.Release|Any CPU.ActiveCfg = Release|Any CPU
		{3D75FDB5-F717-5350-1E0B-86848D3C5E68}.Release|Any CPU.Build.0 = Release|Any CPU
	EndGlobalSection
	GlobalSection(SolutionProperties) = preSolution
		HideSolutionNode = FALSE
	EndGlobalSection
	
EndGlobal
